# This file was autogenerated by uv via the following command:
#    uv pip compile pyproject.toml -o requirements.lock
amqp==5.3.1
    # via kombu
appnope==0.1.4
    # via ipython
asgiref==3.8.1
    # via django
asttokens==3.0.0
    # via stack-data
backcall==0.2.0
    # via ipython
billiard==3.6.4.0
    # via celery
celery==5.2.3
    # via kamu (pyproject.toml)
certifi==2021.10.8
    # via requests
cffi==1.15.0
    # via
    #   kamu (pyproject.toml)
    #   cryptography
charset-normalizer==2.0.12
    # via requests
click==8.1.8
    # via
    #   celery
    #   click-didyoumean
    #   click-plugins
    #   click-repl
click-didyoumean==0.3.1
    # via celery
click-plugins==1.1.1
    # via celery
click-repl==0.2.0
    # via celery
coverage==7.13.5
    # via kamu (pyproject.toml)
cryptography==36.0.1
    # via
    #   kamu (pyproject.toml)
    #   pyopenssl
    #   pysaml2
decorator==5.1.1
    # via
    #   ipdb
    #   ipython
defusedxml==0.7.1
    # via
    #   odfpy
    #   pysaml2
dictor==0.1.12
    # via grafana-django-saml2-auth
diff-match-patch==20241021
    # via django-import-export
dj-database-url==0.5.0
    # via kamu (pyproject.toml)
django==5.0
    # via
    #   kamu (pyproject.toml)
    #   django-filter
    #   django-import-export
    #   djangorestframework
    #   drf-nested-routers
django-filter==21.1
    # via kamu (pyproject.toml)
django-import-export==2.8.0
    # via kamu (pyproject.toml)
django-webpack-loader==2.0.0
    # via kamu (pyproject.toml)
djangorestframework==3.15.1
    # via
    #   kamu (pyproject.toml)
    #   drf-nested-routers
drf-nested-routers==0.93.4
    # via kamu (pyproject.toml)
elementpath==4.7.0
    # via xmlschema
et-xmlfile==2.0.0
    # via openpyxl
executing==2.2.0
    # via stack-data
flake8==7.3.0
    # via kamu (pyproject.toml)
grafana-django-saml2-auth==3.20.0
    # via kamu (pyproject.toml)
gunicorn==20.1.0
    # via kamu (pyproject.toml)
httpretty==1.1.4
    # via kamu (pyproject.toml)
idna==3.3
    # via requests
ipdb==0.13.13
    # via kamu (pyproject.toml)
ipython==8.1.1
    # via
    #   kamu (pyproject.toml)
    #   ipdb
jedi==0.19.2
    # via ipython
kombu==5.3.7
    # via celery
matplotlib-inline==0.1.7
    # via ipython
mccabe==0.7.0
    # via flake8
odfpy==1.4.1
    # via tablib
openpyxl==3.1.5
    # via tablib
parso==0.8.4
    # via jedi
pexpect==4.9.0
    # via ipython
pickleshare==0.7.5
    # via ipython
prompt-toolkit==2.0.10
    # via
    #   click-repl
    #   ipython
psycopg2==2.9.11
    # via kamu (pyproject.toml)
ptyprocess==0.7.0
    # via pexpect
pure-eval==0.2.3
    # via stack-data
pycodestyle==2.14.0
    # via flake8
pycparser==2.21
    # via cffi
pyflakes==3.4.0
    # via flake8
pygments==2.19.1
    # via ipython
pyjwt==2.10.1
    # via grafana-django-saml2-auth
pyopenssl==22.0.0
    # via
    #   kamu (pyproject.toml)
    #   pysaml2
pysaml2==7.5.2
    # via
    #   kamu (pyproject.toml)
    #   grafana-django-saml2-auth
python-dateutil==2.8.2
    # via
    #   kamu (pyproject.toml)
    #   pysaml2
python-decouple==3.6
    # via kamu (pyproject.toml)
pytz==2021.3
    # via
    #   celery
    #   pysaml2
pyyaml==6.0.2
    # via tablib
redis==5.2.1
    # via celery
requests==2.27.1
    # via
    #   kamu (pyproject.toml)
    #   pysaml2
setuptools==59.6.0
    # via
    #   celery
    #   gunicorn
    #   ipython
six==1.16.0
    # via
    #   click-repl
    #   prompt-toolkit
    #   python-dateutil
sqlparse==0.5.3
    # via django
stack-data==0.6.3
    # via ipython
tablib==3.6.1
    # via django-import-export
traitlets==5.14.3
    # via
    #   ipython
    #   matplotlib-inline
urllib3==1.26.8
    # via requests
vine==5.0.0
    # via
    #   kamu (pyproject.toml)
    #   amqp
    #   celery
    #   kombu
wcwidth==0.2.13
    # via prompt-toolkit
whitenoise==6.0.0
    # via kamu (pyproject.toml)
xlrd==2.0.1
    # via tablib
xlwt==1.3.0
    # via tablib
xmlschema==2.5.1
    # via pysaml2
